
Microsoft Visual Studio Solution File, Format Version 12.00
# Visual Studio Version 17
VisualStudioVersion = 17.3.32929.385
MinimumVisualStudioVersion = 10.0.40219.1
Project("{2150E333-8FDC-42A3-9474-1A3956D46DE8}") = "src", "src", "{CEF8B4A5-056C-4518-AD3C-3B8D12A2A17D}"
EndProject
Project("{2150E333-8FDC-42A3-9474-1A3956D46DE8}") = "services", "services", "{5FB1AD15-3A1E-413B-BEE9-A25319AA99F6}"
EndProject
Project("{2150E333-8FDC-42A3-9474-1A3956D46DE8}") = "web", "web", "{89ECA902-DEDA-4FC1-A8E0-DD49BB41E0E8}"
EndProject
Project("{9A19103F-16F7-4668-BE54-9A1E7A4F7556}") = "ProductCatalogAPI", "ProductCatalogAPI\ProductCatalogAPI.csproj", "{9A0425B8-7BC4-4483-B466-EF8C6525AD26}"
EndProject
Project("{E53339B2-1760-4266-BCC7-CA923CBCF16C}") = "docker-compose", "docker-compose.dcproj", "{1381B90E-8FBC-4EB2-AE17-F6EDDD064084}"
EndProject
Project("{9A19103F-16F7-4668-BE54-9A1E7A4F7556}") = "WebMVC", "WebMVC\WebMVC.csproj", "{3A7BF6CF-99FA-4B0A-93CE-405E47D172AF}"
EndProject
Project("{9A19103F-16F7-4668-BE54-9A1E7A4F7556}") = "TokenServiceAPI", "TokenServiceAPI\TokenServiceAPI.csproj", "{12CE8C26-BD08-4ED8-B047-3218FFBD467E}"
EndProject
Global
	GlobalSection(SolutionConfigurationPlatforms) = preSolution
		Debug|Any CPU = Debug|Any CPU
		Release|Any CPU = Release|Any CPU
	EndGlobalSection
	GlobalSection(ProjectConfigurationPlatforms) = postSolution
		{9A0425B8-7BC4-4483-B466-EF8C6525AD26}.Debug|Any CPU.ActiveCfg = Debug|Any CPU
		{9A0425B8-7BC4-4483-B466-EF8C6525AD26}.Debug|Any CPU.Build.0 = Debug|Any CPU
		{9A0425B8-7BC4-4483-B466-EF8C6525AD26}.Release|Any CPU.ActiveCfg = Release|Any CPU
		{9A0425B8-7BC4-4483-B466-EF8C6525AD26}.Release|Any CPU.Build.0 = Release|Any CPU
		{1381B90E-8FBC-4EB2-AE17-F6EDDD064084}.Debug|Any CPU.ActiveCfg = Debug|Any CPU
		{1381B90E-8FBC-4EB2-AE17-F6EDDD064084}.Debug|Any CPU.Build.0 = Debug|Any CPU
		{1381B90E-8FBC-4EB2-AE17-F6EDDD064084}.Release|Any CPU.ActiveCfg = Release|Any CPU
		{1381B90E-8FBC-4EB2-AE17-F6EDDD064084}.Release|Any CPU.Build.0 = Release|Any CPU
		{3A7BF6CF-99FA-4B0A-93CE-405E47D172AF}.Debug|Any CPU.ActiveCfg = Debug|Any CPU
		{3A7BF6CF-99FA-4B0A-93CE-405E47D172AF}.Debug|Any CPU.Build.0 = Debug|Any CPU
		{3A7BF6CF-99FA-4B0A-93CE-405E47D172AF}.Release|Any CPU.ActiveCfg = Release|Any CPU
		{3A7BF6CF-99FA-4B0A-93CE-405E47D172AF}.Release|Any CPU.Build.0 = Release|Any CPU
		{12CE8C26-BD08-4ED8-B047-3218FFBD467E}.Debug|Any CPU.ActiveCfg = Debug|Any CPU
		{12CE8C26-BD08-4ED8-B047-3218FFBD467E}.Debug|Any CPU.Build.0 = Debug|Any CPU
		{12CE8C26-BD08-4ED8-B047-3218FFBD467E}.Release|Any CPU.ActiveCfg = Release|Any CPU
		{12CE8C26-BD08-4ED8-B047-3218FFBD467E}.Release|Any CPU.Build.0 = Release|Any CPU
	EndGlobalSection
	GlobalSection(SolutionProperties) = preSolution
		HideSolutionNode = FALSE
	EndGlobalSection
	GlobalSection(NestedProjects) = preSolution
		{5FB1AD15-3A1E-413B-BEE9-A25319AA99F6} = {CEF8B4A5-056C-4518-AD3C-3B8D12A2A17D}
		{89ECA902-DEDA-4FC1-A8E0-DD49BB41E0E8} = {CEF8B4A5-056C-4518-AD3C-3B8D12A2A17D}
		{9A0425B8-7BC4-4483-B466-EF8C6525AD26} = {5FB1AD15-3A1E-413B-BEE9-A25319AA99F6}
		{3A7BF6CF-99FA-4B0A-93CE-405E47D172AF} = {89ECA902-DEDA-4FC1-A8E0-DD49BB41E0E8}
		{12CE8C26-BD08-4ED8-B047-3218FFBD467E} = {5FB1AD15-3A1E-413B-BEE9-A25319AA99F6}
	EndGlobalSection
	GlobalSection(ExtensibilityGlobals) = postSolution
		SolutionGuid = {1BC55D61-0C2F-40E2-A418-B005E9FE1C7E}
	EndGlobalSection
EndGlobal
